// !$*UTF8*$!
{
	archiveVersion = 1;
	classes = {
	};
	objectVersion = 77;
	objects = {

/* Begin PBXContainerItemProxy section */
		F5CB64302D61B520002EBB56 /* PBXContainerItemProxy */ = {
			isa = PBXContainerItemProxy;
			containerPortal = F5CB64122D61B51E002EBB56 /* Project object */;
			proxyType = 1;
			remoteGlobalIDString = F5CB64192D61B51E002EBB56;
			remoteInfo = MediTrack;
		};
		F5CB643A2D61B520002EBB56 /* PBXContainerItemProxy */ = {
			isa = PBXContainerItemProxy;
			containerPortal = F5CB64122D61B51E002EBB56 /* Project object */;
			proxyType = 1;
			remoteGlobalIDString = F5CB64192D61B51E002EBB56;
			remoteInfo = MediTrack;
		};
/* End PBXContainerItemProxy section */

/* Begin PBXFileReference section */
		F5CB641A2D61B51E002EBB56 /* MediTrack.app */ = {isa = PBXFileReference; explicitFileType = wrapper.application; includeInIndex = 0; path = MediTrack.app; sourceTree = BUILT_PRODUCTS_DIR; };
		F5CB642F2D61B520002EBB56 /* MediTrackTests.xctest */ = {isa = PBXFileReference; explicitFileType = wrapper.cfbundle; includeInIndex = 0; path = MediTrackTests.xctest; sourceTree = BUILT_PRODUCTS_DIR; };
		F5CB64392D61B520002EBB56 /* MediTrackUITests.xctest */ = {isa = PBXFileReference; explicitFileType = wrapper.cfbundle; includeInIndex = 0; path = MediTrackUITests.xctest; sourceTree = BUILT_PRODUCTS_DIR; };
/* End PBXFileReference section */

/* Begin PBXFileSystemSynchronizedBuildFileExceptionSet section */
		F5CB64602D61B552002EBB56 /* Exceptions for "MediTrack" folder in "MediTrackTests" target */ = {
			isa = PBXFileSystemSynchronizedBuildFileExceptionSet;
			membershipExceptions = (
				Modules/AddMedication/AddMedicationView.swift,
				Modules/Home/Model/Medication.swift,
				Modules/Home/View/HomeView.swift,
				Modules/Home/ViewModel/HomeViewModel.swift,
				Services/Database/CoreDataManager.swift,
			);
			target = F5CB642E2D61B520002EBB56 /* MediTrackTests */;
		};
		F5CB64612D61B552002EBB56 /* Exceptions for "MediTrack" folder in "MediTrackUITests" target */ = {
			isa = PBXFileSystemSynchronizedBuildFileExceptionSet;
			membershipExceptions = (
				Modules/AddMedication/AddMedicationView.swift,
				Modules/Home/Model/Medication.swift,
				Modules/Home/View/HomeView.swift,
				Modules/Home/ViewModel/HomeViewModel.swift,
				Services/Database/CoreDataManager.swift,
			);
			target = F5CB64382D61B520002EBB56 /* MediTrackUITests */;
		};
/* End PBXFileSystemSynchronizedBuildFileExceptionSet section */

/* Begin PBXFileSystemSynchronizedRootGroup section */
		F5CB641C2D61B51E002EBB56 /* MediTrack */ = {
			isa = PBXFileSystemSynchronizedRootGroup;
			exceptions = (
				F5CB64602D61B552002EBB56 /* Exceptions for "MediTrack" folder in "MediTrackTests" target */,
				F5CB64612D61B552002EBB56 /* Exceptions for "MediTrack" folder in "MediTrackUITests" target */,
			);
			path = MediTrack;
			sourceTree = "<group>";
		};
		F5CB64322D61B520002EBB56 /* MediTrackTests */ = {
			isa = PBXFileSystemSynchronizedRootGroup;
			path = MediTrackTests;
			sourceTree = "<group>";
		};
		F5CB643C2D61B520002EBB56 /* MediTrackUITests */ = {
			isa = PBXFileSystemSynchronizedRootGroup;
			path = MediTrackUITests;
			sourceTree = "<group>";
		};
/* End PBXFileSystemSynchronizedRootGroup section */

/* Begin PBXFrameworksBuildPhase section */
		F5CB64172D61B51E002EBB56 /* Frameworks */ = {
			isa = PBXFrameworksBuildPhase;
			buildActionMask = 2147483647;
			files = (
			);
			runOnlyForDeploymentPostprocessing = 0;
		};
		F5CB642C2D61B520002EBB56 /* Frameworks */ = {
			isa = PBXFrameworksBuildPhase;
			buildActionMask = 2147483647;
			files = (
			);
			runOnlyForDeploymentPostprocessing = 0;
		};
		F5CB64362D61B520002EBB56 /* Frameworks */ = {
			isa = PBXFrameworksBuildPhase;
			buildActionMask = 2147483647;
			files = (
			);
			runOnlyForDeploymentPostprocessing = 0;
		};
/* End PBXFrameworksBuildPhase section */

/* Begin PBXGroup section */
		F5CB64112D61B51E002EBB56 = {
			isa = PBXGroup;
			children = (
				F5CB641C2D61B51E002EBB56 /* MediTrack */,
				F5CB64322D61B520002EBB56 /* MediTrackTests */,
				F5CB643C2D61B520002EBB56 /* MediTrackUITests */,
				F5CB641B2D61B51E002EBB56 /* Products */,
			);
			sourceTree = "<group>";
		};
		F5CB641B2D61B51E002EBB56 /* Products */ = {
			isa = PBXGroup;
			children = (
				F5CB641A2D61B51E002EBB56 /* MediTrack.app */,
				F5CB642F2D61B520002EBB56 /* MediTrackTests.xctest */,
				F5CB64392D61B520002EBB56 /* MediTrackUITests.xctest */,
			);
			name = Products;
			sourceTree = "<group>";
		};
/* End PBXGroup section */

/* Begin PBXNativeTarget section */
		F5CB64192D61B51E002EBB56 /* MediTrack */ = {
			isa = PBXNativeTarget;
			buildConfigurationList = F5CB64432D61B520002EBB56 /* Build configuration list for PBXNativeTarget "MediTrack" */;
			buildPhases = (
				F5CB64162D61B51E002EBB56 /* Sources */,
				F5CB64172D61B51E002EBB56 /* Frameworks */,
				F5CB64182D61B51E002EBB56 /* Resources */,
			);
			buildRules = (
			);
			dependencies = (
			);
			fileSystemSynchronizedGroups = (
				F5CB641C2D61B51E002EBB56 /* MediTrack */,
			);
			name = MediTrack;
			packageProductDependencies = (
			);
			productName = MediTrack;
			productReference = F5CB641A2D61B51E002EBB56 /* MediTrack.app */;
			productType = "com.apple.product-type.application";
		};
		F5CB642E2D61B520002EBB56 /* MediTrackTests */ = {
			isa = PBXNativeTarget;
			buildConfigurationList = F5CB64462D61B520002EBB56 /* Build configuration list for PBXNativeTarget "MediTrackTests" */;
			buildPhases = (
				F5CB642B2D61B520002EBB56 /* Sources */,
				F5CB642C2D61B520002EBB56 /* Frameworks */,
				F5CB642D2D61B520002EBB56 /* Resources */,
			);
			buildRules = (
			);
			dependencies = (
				F5CB64312D61B520002EBB56 /* PBXTargetDependency */,
			);
			fileSystemSynchronizedGroups = (
				F5CB64322D61B520002EBB56 /* MediTrackTests */,
			);
			name = MediTrackTests;
			packageProductDependencies = (
			);
			productName = MediTrackTests;
			productReference = F5CB642F2D61B520002EBB56 /* MediTrackTests.xctest */;
			productType = "com.apple.product-type.bundle.unit-test";
		};
		F5CB64382D61B520002EBB56 /* MediTrackUITests */ = {
			isa = PBXNativeTarget;
			buildConfigurationList = F5CB64492D61B520002EBB56 /* Build configuration list for PBXNativeTarget "MediTrackUITests" */;
			buildPhases = (
				F5CB64352D61B520002EBB56 /* Sources */,
				F5CB64362D61B520002EBB56 /* Frameworks */,
				F5CB64372D61B520002EBB56 /* Resources */,
			);
			buildRules = (
			);
			dependencies = (
				F5CB643B2D61B520002EBB56 /* PBXTargetDependency */,
			);
			fileSystemSynchronizedGroups = (
				F5CB643C2D61B520002EBB56 /* MediTrackUITests */,
			);
			name = MediTrackUITests;
			packageProductDependencies = (
			);
			productName = MediTrackUITests;
			productReference = F5CB64392D61B520002EBB56 /* MediTrackUITests.xctest */;
			productType = "com.apple.product-type.bundle.ui-testing";
		};
/* End PBXNativeTarget section */

/* Begin PBXProject section */
		F5CB64122D61B51E002EBB56 /* Project object */ = {
			isa = PBXProject;
			attributes = {
				BuildIndependentTargetsInParallel = 1;
				LastSwiftUpdateCheck = 1610;
				LastUpgradeCheck = 1610;
				TargetAttributes = {
					F5CB64192D61B51E002EBB56 = {
						CreatedOnToolsVersion = 16.1;
					};
					F5CB642E2D61B520002EBB56 = {
						CreatedOnToolsVersion = 16.1;
						TestTargetID = F5CB64192D61B51E002EBB56;
					};
					F5CB64382D61B520002EBB56 = {
						CreatedOnToolsVersion = 16.1;
						TestTargetID = F5CB64192D61B51E002EBB56;
					};
				};
			};
			buildConfigurationList = F5CB64152D61B51E002EBB56 /* Build configuration list for PBXProject "MediTrack" */;
			developmentRegion = en;
			hasScannedForEncodings = 0;
			knownRegions = (
				en,
				Base,
			);
			mainGroup = F5CB64112D61B51E002EBB56;
			minimizedProjectReferenceProxies = 1;
			preferredProjectObjectVersion = 77;
			productRefGroup = F5CB641B2D61B51E002EBB56 /* Products */;
			projectDirPath = "";
			projectRoot = "";
			targets = (
				F5CB64192D61B51E002EBB56 /* MediTrack */,
				F5CB642E2D61B520002EBB56 /* MediTrackTests */,
				F5CB64382D61B520002EBB56 /* MediTrackUITests */,
			);
		};
/* End PBXProject section */

/* Begin PBXResourcesBuildPhase section */
		F5CB64182D61B51E002EBB56 /* Resources */ = {
			isa = PBXResourcesBuildPhase;
			buildActionMask = 2147483647;
			files = (
			);
			runOnlyForDeploymentPostprocessing = 0;
		};
		F5CB642D2D61B520002EBB56 /* Resources */ = {
			isa = PBXResourcesBuildPhase;
			buildActionMask = 2147483647;
			files = (
			);
			runOnlyForDeploymentPostprocessing = 0;
		};
		F5CB64372D61B520002EBB56 /* Resources */ = {
			isa = PBXResourcesBuildPhase;
			buildActionMask = 2147483647;
			files = (
			);
			runOnlyForDeploymentPostprocessing = 0;
		};
/* End PBXResourcesBuildPhase section */

/* Begin PBXSourcesBuildPhase section */
		F5CB64162D61B51E002EBB56 /* Sources */ = {
			isa = PBXSourcesBuildPhase;
			buildActionMask = 2147483647;
			files = (
			);
			runOnlyForDeploymentPostprocessing = 0;
		};
		F5CB642B2D61B520002EBB56 /* Sources */ = {
			isa = PBXSourcesBuildPhase;
			buildActionMask = 2147483647;
			files = (
			);
			runOnlyForDeploymentPostprocessing = 0;
		};
		F5CB64352D61B520002EBB56 /* Sources */ = {
			isa = PBXSourcesBuildPhase;
			buildActionMask = 2147483647;
			files = (
			);
			runOnlyForDeploymentPostprocessing = 0;
		};
/* End PBXSourcesBuildPhase section */

/* Begin PBXTargetDependency section */
		F5CB64312D61B520002EBB56 /* PBXTargetDependency */ = {
			isa = PBXTargetDependency;
			target = F5CB64192D61B51E002EBB56 /* MediTrack */;
			targetProxy = F5CB64302D61B520002EBB56 /* PBXContainerItemProxy */;
		};
		F5CB643B2D61B520002EBB56 /* PBXTargetDependency */ = {
			isa = PBXTargetDependency;
			target = F5CB64192D61B51E002EBB56 /* MediTrack */;
			targetProxy = F5CB643A2D61B520002EBB56 /* PBXContainerItemProxy */;
		};
/* End PBXTargetDependency section */

/* Begin XCBuildConfiguration section */
		F5CB64412D61B520002EBB56 /* Debug */ = {
			isa = XCBuildConfiguration;
			buildSettings = {
				ALWAYS_SEARCH_USER_PATHS = NO;
				ASSETCATALOG_COMPILER_GENERATE_SWIFT_ASSET_SYMBOL_EXTENSIONS = YES;
				CLANG_ANALYZER_NONNULL = YES;
				CLANG_ANALYZER_NUMBER_OBJECT_CONVERSION = YES_AGGRESSIVE;
				CLANG_CXX_LANGUAGE_STANDARD = "gnu++20";
				CLANG_ENABLE_MODULES = YES;
				CLANG_ENABLE_OBJC_ARC = YES;
				CLANG_ENABLE_OBJC_WEAK = YES;
				CLANG_WARN_BLOCK_CAPTURE_AUTORELEASING = YES;
				CLANG_WARN_BOOL_CONVERSION = YES;
				CLANG_WARN_COMMA = YES;
				CLANG_WARN_CONSTANT_CONVERSION = YES;
				CLANG_WARN_DEPRECATED_OBJC_IMPLEMENTATIONS = YES;
				CLANG_WARN_DIRECT_OBJC_ISA_USAGE = YES_ERROR;
				CLANG_WARN_DOCUMENTATION_COMMENTS = YES;
				CLANG_WARN_EMPTY_BODY = YES;
				CLANG_WARN_ENUM_CONVERSION = YES;
				CLANG_WARN_INFINITE_RECURSION = YES;
				CLANG_WARN_INT_CONVERSION = YES;
				CLANG_WARN_NON_LITERAL_NULL_CONVERSION = YES;
				CLANG_WARN_OBJC_IMPLICIT_RETAIN_SELF = YES;
				CLANG_WARN_OBJC_LITERAL_CONVERSION = YES;
				CLANG_WARN_OBJC_ROOT_CLASS = YES_ERROR;
				CLANG_WARN_QUOTED_INCLUDE_IN_FRAMEWORK_HEADER = YES;
				CLANG_WARN_RANGE_LOOP_ANALYSIS = YES;
				CLANG_WARN_STRICT_PROTOTYPES = YES;
				CLANG_WARN_SUSPICIOUS_MOVE = YES;
				CLANG_WARN_UNGUARDED_AVAILABILITY = YES_AGGRESSIVE;
				CLANG_WARN_UNREACHABLE_CODE = YES;
				CLANG_WARN__DUPLICATE_METHOD_MATCH = YES;
				COPY_PHASE_STRIP = NO;
				DEBUG_INFORMATION_FORMAT = dwarf;
				ENABLE_STRICT_OBJC_MSGSEND = YES;
				ENABLE_TESTABILITY = YES;
				ENABLE_USER_SCRIPT_SANDBOXING = YES;
				GCC_C_LANGUAGE_STANDARD = gnu17;
				GCC_DYNAMIC_NO_PIC = NO;
				GCC_NO_COMMON_BLOCKS = YES;
				GCC_OPTIMIZATION_LEVEL = 0;
				GCC_PREPROCESSOR_DEFINITIONS = (
					"DEBUG=1",
					"$(inherited)",
				);
				GCC_WARN_64_TO_32_BIT_CONVERSION = YES;
				GCC_WARN_ABOUT_RETURN_TYPE = YES_ERROR;
				GCC_WARN_UNDECLARED_SELECTOR = YES;
				GCC_WARN_UNINITIALIZED_AUTOS = YES_AGGRESSIVE;
				GCC_WARN_UNUSED_FUNCTION = YES;
				GCC_WARN_UNUSED_VARIABLE = YES;
				IPHONEOS_DEPLOYMENT_TARGET = 18.1;
				LOCALIZATION_PREFERS_STRING_CATALOGS = YES;
				MTL_ENABLE_DEBUG_INFO = INCLUDE_SOURCE;
				MTL_FAST_MATH = YES;
				ONLY_ACTIVE_ARCH = YES;
				SDKROOT = iphoneos;
				SWIFT_ACTIVE_COMPILATION_CONDITIONS = "DEBUG $(inherited)";
				SWIFT_OPTIMIZATION_LEVEL = "-Onone";
			};
			name = Debug;
		};
		F5CB64422D61B520002EBB56 /* Release */ = {
			isa = XCBuildConfiguration;
			buildSettings = {
				ALWAYS_SEARCH_USER_PATHS = NO;
				ASSETCATALOG_COMPILER_GENERATE_SWIFT_ASSET_SYMBOL_EXTENSIONS = YES;
				CLANG_ANALYZER_NONNULL = YES;
				CLANG_ANALYZER_NUMBER_OBJECT_CONVERSION = YES_AGGRESSIVE;
				CLANG_CXX_LANGUAGE_STANDARD = "gnu++20";
				CLANG_ENABLE_MODULES = YES;
				CLANG_ENABLE_OBJC_ARC = YES;
				CLANG_ENABLE_OBJC_WEAK = YES;
				CLANG_WARN_BLOCK_CAPTURE_AUTORELEASING = YES;
				CLANG_WARN_BOOL_CONVERSION = YES;
				CLANG_WARN_COMMA = YES;
				CLANG_WARN_CONSTANT_CONVERSION = YES;
				CLANG_WARN_DEPRECATED_OBJC_IMPLEMENTATIONS = YES;
				CLANG_WARN_DIRECT_OBJC_ISA_USAGE = YES_ERROR;
				CLANG_WARN_DOCUMENTATION_COMMENTS = YES;
				CLANG_WARN_EMPTY_BODY = YES;
				CLANG_WARN_ENUM_CONVERSION = YES;
				CLANG_WARN_INFINITE_RECURSION = YES;
				CLANG_WARN_INT_CONVERSION = YES;
				CLANG_WARN_NON_LITERAL_NULL_CONVERSION = YES;
				CLANG_WARN_OBJC_IMPLICIT_RETAIN_SELF = YES;
				CLANG_WARN_OBJC_LITERAL_CONVERSION = YES;
				CLANG_WARN_OBJC_ROOT_CLASS = YES_ERROR;
				CLANG_WARN_QUOTED_INCLUDE_IN_FRAMEWORK_HEADER = YES;
				CLANG_WARN_RANGE_LOOP_ANALYSIS = YES;
				CLANG_WARN_STRICT_PROTOTYPES = YES;
				CLANG_WARN_SUSPICIOUS_MOVE = YES;
				CLANG_WARN_UNGUARDED_AVAILABILITY = YES_AGGRESSIVE;
				CLANG_WARN_UNREACHABLE_CODE = YES;
				CLANG_WARN__DUPLICATE_METHOD_MATCH = YES;
				COPY_PHASE_STRIP = NO;
				DEBUG_INFORMATION_FORMAT = "dwarf-with-dsym";
				ENABLE_NS_ASSERTIONS = NO;
				ENABLE_STRICT_OBJC_MSGSEND = YES;
				ENABLE_USER_SCRIPT_SANDBOXING = YES;
				GCC_C_LANGUAGE_STANDARD = gnu17;
				GCC_NO_COMMON_BLOCKS = YES;
				GCC_WARN_64_TO_32_BIT_CONVERSION = YES;
				GCC_WARN_ABOUT_RETURN_TYPE = YES_ERROR;
				GCC_WARN_UNDECLARED_SELECTOR = YES;
				GCC_WARN_UNINITIALIZED_AUTOS = YES_AGGRESSIVE;
				GCC_WARN_UNUSED_FUNCTION = YES;
				GCC_WARN_UNUSED_VARIABLE = YES;
				IPHONEOS_DEPLOYMENT_TARGET = 18.1;
				LOCALIZATION_PREFERS_STRING_CATALOGS = YES;
				MTL_ENABLE_DEBUG_INFO = NO;
				MTL_FAST_MATH = YES;
				SDKROOT = iphoneos;
				SWIFT_COMPILATION_MODE = wholemodule;
				VALIDATE_PRODUCT = YES;
			};
			name = Release;
		};
		F5CB64442D61B520002EBB56 /* Debug */ = {
			isa = XCBuildConfiguration;
			buildSettings = {
				ASSETCATALOG_COMPILER_APPICON_NAME = AppIcon;
				ASSETCATALOG_COMPILER_GLOBAL_ACCENT_COLOR_NAME = AccentColor;
				CODE_SIGN_STYLE = Automatic;
				CURRENT_PROJECT_VERSION = 1;
				DEVELOPMENT_ASSET_PATHS = "\"MediTrack/Preview Content\"";
				DEVELOPMENT_TEAM = 57B786NS7J;
				ENABLE_PREVIEWS = YES;
				GENERATE_INFOPLIST_FILE = YES;
				INFOPLIST_KEY_UIApplicationSceneManifest_Generation = YES;
				INFOPLIST_KEY_UIApplicationSupportsIndirectInputEvents = YES;
				INFOPLIST_KEY_UILaunchScreen_Generation = YES;
				INFOPLIST_KEY_UISupportedInterfaceOrientations_iPad = "UIInterfaceOrientationPortrait UIInterfaceOrientationPortraitUpsideDown UIInterfaceOrientationLandscapeLeft UIInterfaceOrientationLandscapeRight";
				INFOPLIST_KEY_UISupportedInterfaceOrientations_iPhone = "UIInterfaceOrientationPortrait UIInterfaceOrientationLandscapeLeft UIInterfaceOrientationLandscapeRight";
				LD_RUNPATH_SEARCH_PATHS = (
					"$(inherited)",
					"@executable_path/Frameworks",
				);
				MARKETING_VERSION = 1.0;
				PRODUCT_BUNDLE_IDENTIFIER = "Oleksandr-Matrosov.MediTrack";
				PRODUCT_NAME = "$(TARGET_NAME)";
				SWIFT_EMIT_LOC_STRINGS = YES;
				SWIFT_VERSION = 5.0;
				TARGETED_DEVICE_FAMILY = "1,2";
			};
			name = Debug;
		};
		F5CB64452D61B520002EBB56 /* Release */ = {
			isa = XCBuildConfiguration;
			buildSettings = {
				ASSETCATALOG_COMPILER_APPICON_NAME = AppIcon;
				ASSETCATALOG_COMPILER_GLOBAL_ACCENT_COLOR_NAME = AccentColor;
				CODE_SIGN_STYLE = Automatic;
				CURRENT_PROJECT_VERSION = 1;
				DEVELOPMENT_ASSET_PATHS = "\"MediTrack/Preview Content\"";
				DEVELOPMENT_TEAM = 57B786NS7J;
				ENABLE_PREVIEWS = YES;
				GENERATE_INFOPLIST_FILE = YES;
				INFOPLIST_KEY_UIApplicationSceneManifest_Generation = YES;
				INFOPLIST_KEY_UIApplicationSupportsIndirectInputEvents = YES;
				INFOPLIST_KEY_UILaunchScreen_Generation = YES;
				INFOPLIST_KEY_UISupportedInterfaceOrientations_iPad = "UIInterfaceOrientationPortrait UIInterfaceOrientationPortraitUpsideDown UIInterfaceOrientationLandscapeLeft UIInterfaceOrientationLandscapeRight";
				INFOPLIST_KEY_UISupportedInterfaceOrientations_iPhone = "UIInterfaceOrientationPortrait UIInterfaceOrientationLandscapeLeft UIInterfaceOrientationLandscapeRight";
				LD_RUNPATH_SEARCH_PATHS = (
					"$(inherited)",
					"@executable_path/Frameworks",
				);
				MARKETING_VERSION = 1.0;
				PRODUCT_BUNDLE_IDENTIFIER = "Oleksandr-Matrosov.MediTrack";
				PRODUCT_NAME = "$(TARGET_NAME)";
				SWIFT_EMIT_LOC_STRINGS = YES;
				SWIFT_VERSION = 5.0;
				TARGETED_DEVICE_FAMILY = "1,2";
			};
			name = Release;
		};
		F5CB64472D61B520002EBB56 /* Debug */ = {
			isa = XCBuildConfiguration;
			buildSettings = {
				BUNDLE_LOADER = "$(TEST_HOST)";
				CODE_SIGN_STYLE = Automatic;
				CURRENT_PROJECT_VERSION = 1;
				DEVELOPMENT_TEAM = 57B786NS7J;
				GENERATE_INFOPLIST_FILE = YES;
				IPHONEOS_DEPLOYMENT_TARGET = 18.1;
				MARKETING_VERSION = 1.0;
				PRODUCT_BUNDLE_IDENTIFIER = "Oleksandr-Matrosov.MediTrackTests";
				PRODUCT_NAME = "$(TARGET_NAME)";
				SWIFT_EMIT_LOC_STRINGS = NO;
				SWIFT_VERSION = 5.0;
				TARGETED_DEVICE_FAMILY = "1,2";
				TEST_HOST = "$(BUILT_PRODUCTS_DIR)/MediTrack.app/$(BUNDLE_EXECUTABLE_FOLDER_PATH)/MediTrack";
			};
			name = Debug;
		};
		F5CB64482D61B520002EBB56 /* Release */ = {
			isa = XCBuildConfiguration;
			buildSettings = {
				BUNDLE_LOADER = "$(TEST_HOST)";
				CODE_SIGN_STYLE = Automatic;
				CURRENT_PROJECT_VERSION = 1;
				DEVELOPMENT_TEAM = 57B786NS7J;
				GENERATE_INFOPLIST_FILE = YES;
				IPHONEOS_DEPLOYMENT_TARGET = 18.1;
				MARKETING_VERSION = 1.0;
				PRODUCT_BUNDLE_IDENTIFIER = "Oleksandr-Matrosov.MediTrackTests";
				PRODUCT_NAME = "$(TARGET_NAME)";
				SWIFT_EMIT_LOC_STRINGS = NO;
				SWIFT_VERSION = 5.0;
				TARGETED_DEVICE_FAMILY = "1,2";
				TEST_HOST = "$(BUILT_PRODUCTS_DIR)/MediTrack.app/$(BUNDLE_EXECUTABLE_FOLDER_PATH)/MediTrack";
			};
			name = Release;
		};
		F5CB644A2D61B520002EBB56 /* Debug */ = {
			isa = XCBuildConfiguration;
			buildSettings = {
				CODE_SIGN_STYLE = Automatic;
				CURRENT_PROJECT_VERSION = 1;
				DEVELOPMENT_TEAM = 57B786NS7J;
				GENERATE_INFOPLIST_FILE = YES;
				MARKETING_VERSION = 1.0;
				PRODUCT_BUNDLE_IDENTIFIER = "Oleksandr-Matrosov.MediTrackUITests";
				PRODUCT_NAME = "$(TARGET_NAME)";
				SWIFT_EMIT_LOC_STRINGS = NO;
				SWIFT_VERSION = 5.0;
				TARGETED_DEVICE_FAMILY = "1,2";
				TEST_TARGET_NAME = MediTrack;
			};
			name = Debug;
		};
		F5CB644B2D61B520002EBB56 /* Release */ = {
			isa = XCBuildConfiguration;
			buildSettings = {
				CODE_SIGN_STYLE = Automatic;
				CURRENT_PROJECT_VERSION = 1;
				DEVELOPMENT_TEAM = 57B786NS7J;
				GENERATE_INFOPLIST_FILE = YES;
				MARKETING_VERSION = 1.0;
				PRODUCT_BUNDLE_IDENTIFIER = "Oleksandr-Matrosov.MediTrackUITests";
				PRODUCT_NAME = "$(TARGET_NAME)";
				SWIFT_EMIT_LOC_STRINGS = NO;
				SWIFT_VERSION = 5.0;
				TARGETED_DEVICE_FAMILY = "1,2";
				TEST_TARGET_NAME = MediTrack;
			};
			name = Release;
		};
/* End XCBuildConfiguration section */

/* Begin XCConfigurationList section */
		F5CB64152D61B51E002EBB56 /* Build configuration list for PBXProject "MediTrack" */ = {
			isa = XCConfigurationList;
			buildConfigurations = (
				F5CB64412D61B520002EBB56 /* Debug */,
				F5CB64422D61B520002EBB56 /* Release */,
			);
			defaultConfigurationIsVisible = 0;
			defaultConfigurationName = Release;
		};
		F5CB64432D61B520002EBB56 /* Build configuration list for PBXNativeTarget "MediTrack" */ = {
			isa = XCConfigurationList;
			buildConfigurations = (
				F5CB64442D61B520002EBB56 /* Debug */,
				F5CB64452D61B520002EBB56 /* Release */,
			);
			defaultConfigurationIsVisible = 0;
			defaultConfigurationName = Release;
		};
		F5CB64462D61B520002EBB56 /* Build configuration list for PBXNativeTarget "MediTrackTests" */ = {
			isa = XCConfigurationList;
			buildConfigurations = (
				F5CB64472D61B520002EBB56 /* Debug */,
				F5CB64482D61B520002EBB56 /* Release */,
			);
			defaultConfigurationIsVisible = 0;
			defaultConfigurationName = Release;
		};
		F5CB64492D61B520002EBB56 /* Build configuration list for PBXNativeTarget "MediTrackUITests" */ = {
			isa = XCConfigurationList;
			buildConfigurations = (
				F5CB644A2D61B520002EBB56 /* Debug */,
				F5CB644B2D61B520002EBB56 /* Release */,
			);
			defaultConfigurationIsVisible = 0;
			defaultConfigurationName = Release;
		};
/* End XCConfigurationList section */
	};
	rootObject = F5CB64122D61B51E002EBB56 /* Project object */;
}
